
Microsoft Visual Studio Solution File, Format Version 12.00
# Visual Studio 15
VisualStudioVersion = 15.0.27703.2042
MinimumVisualStudioVersion = 10.0.40219.1
Project("{FAE04EC0-301F-11D3-BF4B-00C04F79EFBC}") = "HTTPTriggeredFunction", "HTTPTriggeredFunction\HTTPTriggeredFunction.csproj", "{754F95BA-7BBE-4455-AE67-2616A0B39812}"
EndProject
Global
	GlobalSection(SolutionConfigurationPlatforms) = preSolution
		Debug|Any CPU = Debug|Any CPU
		Release|Any CPU = Release|Any CPU
	EndGlobalSection
	GlobalSection(ProjectConfigurationPlatforms) = postSolution
		{754F95BA-7BBE-4455-AE67-2616A0B39812}.Debug|Any CPU.ActiveCfg = Debug|Any CPU
		{754F95BA-7BBE-4455-AE67-2616A0B39812}.Debug|Any CPU.Build.0 = Debug|Any CPU
		{754F95BA-7BBE-4455-AE67-2616A0B39812}.Release|Any CPU.ActiveCfg = Release|Any CPU
		{754F95BA-7BBE-4455-AE67-2616A0B39812}.Release|Any CPU.Build.0 = Release|Any CPU
	EndGlobalSection
	GlobalSection(SolutionProperties) = preSolution
		HideSolutionNode = FALSE
	EndGlobalSection
	GlobalSection(ExtensibilityGlobals) = postSolution
		SolutionGuid = {A79C947A-8F66-4C88-8C17-EED22E3150E8}
	EndGlobalSection
EndGlobal
